
Microsoft Visual Studio Solution File, Format Version 12.00
# Visual Studio Version 17
VisualStudioVersion = 17.2.32516.85
MinimumVisualStudioVersion = 10.0.40219.1
Project("{FAE04EC0-301F-11D3-BF4B-00C04F79EFBC}") = "Hotel Management System", "Hotel Management System\Hotel Management System.csproj", "{C26C73E3-AC0A-4A14-80EA-4BCB0650C172}"
EndProject
Global
	GlobalSection(SolutionConfigurationPlatforms) = preSolution
		Debug|Any CPU = Debug|Any CPU
		Release|Any CPU = Release|Any CPU
	EndGlobalSection
	GlobalSection(ProjectConfigurationPlatforms) = postSolution
		{C26C73E3-AC0A-4A14-80EA-4BCB0650C172}.Debug|Any CPU.ActiveCfg = Debug|Any CPU
		{C26C73E3-AC0A-4A14-80EA-4BCB0650C172}.Debug|Any CPU.Build.0 = Debug|Any CPU
		{C26C73E3-AC0A-4A14-80EA-4BCB0650C172}.Release|Any CPU.ActiveCfg = Release|Any CPU
		{C26C73E3-AC0A-4A14-80EA-4BCB0650C172}.Release|Any CPU.Build.0 = Release|Any CPU
	EndGlobalSection
	GlobalSection(SolutionProperties) = preSolution
		HideSolutionNode = FALSE
	EndGlobalSection
	GlobalSection(ExtensibilityGlobals) = postSolution
		SolutionGuid = {D05F78FE-D6D4-492C-A1F7-9B3805D4C90E}
	EndGlobalSection
EndGlobal
